
Microsoft Visual Studio Solution File, Format Version 12.00
# Visual Studio Version 17
VisualStudioVersion = 17.9.34622.214
MinimumVisualStudioVersion = 10.0.40219.1
Project("{FAE04EC0-301F-11D3-BF4B-00C04F79EFBC}") = "LineerSearch", "LineerSearch\LineerSearch.csproj", "{12D87EAD-5DF1-4B93-938C-0464810F2D69}"
EndProject
Global
	GlobalSection(SolutionConfigurationPlatforms) = preSolution
		Debug|Any CPU = Debug|Any CPU
		Release|Any CPU = Release|Any CPU
	EndGlobalSection
	GlobalSection(ProjectConfigurationPlatforms) = postSolution
		{12D87EAD-5DF1-4B93-938C-0464810F2D69}.Debug|Any CPU.ActiveCfg = Debug|Any CPU
		{12D87EAD-5DF1-4B93-938C-0464810F2D69}.Debug|Any CPU.Build.0 = Debug|Any CPU
		{12D87EAD-5DF1-4B93-938C-0464810F2D69}.Release|Any CPU.ActiveCfg = Release|Any CPU
		{12D87EAD-5DF1-4B93-938C-0464810F2D69}.Release|Any CPU.Build.0 = Release|Any CPU
	EndGlobalSection
	GlobalSection(SolutionProperties) = preSolution
		HideSolutionNode = FALSE
	EndGlobalSection
	GlobalSection(ExtensibilityGlobals) = postSolution
		SolutionGuid = {151F54EA-09FA-41F2-B893-BED8A9DE26E8}
	EndGlobalSection
EndGlobal
