
Microsoft Visual Studio Solution File, Format Version 12.00
# Visual Studio Version 17
VisualStudioVersion = 17.9.34622.214
MinimumVisualStudioVersion = 10.0.40219.1
Project("{FAE04EC0-301F-11D3-BF4B-00C04F79EFBC}") = "CircularDoublyLinkedListt", "CircularDoublyLinkedListt\CircularDoublyLinkedListt.csproj", "{1057B28C-5EF3-4FF6-9474-4A373CB83836}"
EndProject
Global
	GlobalSection(SolutionConfigurationPlatforms) = preSolution
		Debug|Any CPU = Debug|Any CPU
		Release|Any CPU = Release|Any CPU
	EndGlobalSection
	GlobalSection(ProjectConfigurationPlatforms) = postSolution
		{1057B28C-5EF3-4FF6-9474-4A373CB83836}.Debug|Any CPU.ActiveCfg = Debug|Any CPU
		{1057B28C-5EF3-4FF6-9474-4A373CB83836}.Debug|Any CPU.Build.0 = Debug|Any CPU
		{1057B28C-5EF3-4FF6-9474-4A373CB83836}.Release|Any CPU.ActiveCfg = Release|Any CPU
		{1057B28C-5EF3-4FF6-9474-4A373CB83836}.Release|Any CPU.Build.0 = Release|Any CPU
	EndGlobalSection
	GlobalSection(SolutionProperties) = preSolution
		HideSolutionNode = FALSE
	EndGlobalSection
	GlobalSection(ExtensibilityGlobals) = postSolution
		SolutionGuid = {5B1870AA-6F37-4A7B-A7DF-1ACFBF19F155}
	EndGlobalSection
EndGlobal
