
Microsoft Visual Studio Solution File, Format Version 12.00
# Visual Studio Version 17
VisualStudioVersion = 17.9.34622.214
MinimumVisualStudioVersion = 10.0.40219.1
Project("{FAE04EC0-301F-11D3-BF4B-00C04F79EFBC}") = "Hashing", "Hashing\Hashing.csproj", "{062BEC15-C112-4996-9CE5-D86F02AC5AA6}"
EndProject
Global
	GlobalSection(SolutionConfigurationPlatforms) = preSolution
		Debug|Any CPU = Debug|Any CPU
		Release|Any CPU = Release|Any CPU
	EndGlobalSection
	GlobalSection(ProjectConfigurationPlatforms) = postSolution
		{062BEC15-C112-4996-9CE5-D86F02AC5AA6}.Debug|Any CPU.ActiveCfg = Debug|Any CPU
		{062BEC15-C112-4996-9CE5-D86F02AC5AA6}.Debug|Any CPU.Build.0 = Debug|Any CPU
		{062BEC15-C112-4996-9CE5-D86F02AC5AA6}.Release|Any CPU.ActiveCfg = Release|Any CPU
		{062BEC15-C112-4996-9CE5-D86F02AC5AA6}.Release|Any CPU.Build.0 = Release|Any CPU
	EndGlobalSection
	GlobalSection(SolutionProperties) = preSolution
		HideSolutionNode = FALSE
	EndGlobalSection
	GlobalSection(ExtensibilityGlobals) = postSolution
		SolutionGuid = {3BF2E466-C536-46A0-9DD8-5CB06882D66B}
	EndGlobalSection
EndGlobal
